{
    "_meta": {
        "hash": {
            "sha256": "e747cfe3976caf9e2ef045ef6050df7fda2bfba0e5d4b58d20466fabf328996f"
        },
        "pipfile-spec": 6,
        "requires": {
            "python_version": "3.7"
        },
        "sources": [
            {
                "name": "pypi",
                "url": "https://pypi.org/simple",
                "verify_ssl": true
            }
        ]
    },
    "default": {
        "certifi": {
            "hashes": [
                "sha256:1d987a998c75633c40847cc966fcf5904906c920a7f17ef374f5aa4282abd304",
                "sha256:51fcb31174be6e6664c5f69e3e1691a2d72a1a12e90f872cbdb1567eb47b6519"
            ],
            "version": "==2020.4.5.1"
        },
        "chardet": {
            "hashes": [
                "sha256:84ab92ed1c4d4f16916e05906b6b75a6c0fb5db821cc65e70cbd64a3e2a5eaae",
                "sha256:fc323ffcaeaed0e0a02bf4d117757b98aed530d9ed4531e3e15460124c106691"
            ],
            "version": "==3.0.4"
        },
        "idna": {
            "hashes": [
                "sha256:c357b3f628cf53ae2c4c05627ecc484553142ca23264e593d327bcde5e9c3407",
                "sha256:ea8b7f6188e6fa117537c3df7da9fc686d485087abf6ac197f9c46432f7e4a3c"
            ],
            "version": "==2.8"
        },
        "regex": {
            "hashes": [
                "sha256:03284826c5f5cd4b252ab7d510cb4d6b7e7f849cdea8e1b384c57e0996a9a3f9",
                "sha256:078024a52a72c98f157c380bea7beab7e0b907854ca337e3d4eecd44b363d4fb",
                "sha256:0be1cb724d43a7fb017e868d809640de03be7db88ab83d212fd802bc3d0277a0",
                "sha256:14026bf953137a5cdc6a2a8fda314a0296ce5cd6da6e46fe79d6e03caf3c1bac",
                "sha256:2cdf6bb8112a6b49092a9320edc823d41b21a06c8c7ac88a845b73462193f3ac",
                "sha256:36e6e7ca33a70f859e532110c2b1af28f98622424681e2e158f0f49735f1a9c8",
                "sha256:3b7f9c0051179325d7efd76271b783de593a50608e48e130c1590a95ea411f59",
                "sha256:3cec763e0428beb8668edf004aa9a8a4c1b502d0ecb97dc4d77e5a67a9077186",
                "sha256:4088da3b99f1341c2904679ffbfe6f08f5cc13e5cad1c6b053728da7cf68d28c",
                "sha256:4f144eb977800d7ef593893204c2e7f1f109e8a943f6e822990d22385b12c5d6",
                "sha256:705e334ac42cf807f33d4daafe58da33e23a93389233ab2f80f63dee09488d9b",
                "sha256:707d2fcfdce12ca946830839c4c243c1b258c0d2c61350dc2efe0af00a4d2fdf",
                "sha256:7163cac9621e9099dc8768ddec32372f50893c934be961f58826d46f0668ea0c",
                "sha256:76668d1f91af08275313799bbd6ab04971ab08919defde886f5c94c7fc0f4623",
                "sha256:78014742b047ea2c9849e85db2dc84cad365b7f2dee404f86882d1fb9ff38df2",
                "sha256:89d4a97682170c32a13c4223e72cf75f9d0c6223b40fb4abe717bbb6c271c6ea",
                "sha256:9d42213927eede46bd4eb0c225600d82cf2b3c8882eb449f00b7cfa9bbf0975e",
                "sha256:9d801d3693c5a6af5a506f9905b0e6d8ae419a00054d8d80ed9d65f81fc37e1f",
                "sha256:cd931f9cca663617ba7a74b6500c6857405271b142edff68b2530e458b80a116",
                "sha256:d20ba8d3a844d6cd9bbe127a60cc8f61cfe2d2b77da997775639999a48fbbfe3",
                "sha256:efae79f5eb3a6e2d9fa246605870887e0187ed66a4c56fc4cf22da00aa2ec220"
            ],
            "index": "pypi",
            "version": "==2020.5.13"
        },
        "requests": {
            "hashes": [
                "sha256:11e007a8a2aa0323f5a921e9e6a2d7e4e67d9877e85773fba9ba6419025cbeb4",
                "sha256:9cf5292fcd0f598c671cfc1e0d7d1a7f13bb8085e9a590f48c010551dc6c4b31"
            ],
            "index": "pypi",
            "version": "==2.22.0"
        },
        "responses": {
            "hashes": [
                "sha256:1a78bc010b20a5022a2c0cb76b8ee6dc1e34d887972615ebd725ab9a166a4960",
                "sha256:3d596d0be06151330cb230a2d630717ab20f7a81f205019481e206eb5db79915"
            ],
            "index": "pypi",
            "version": "==0.10.14"
        },
        "six": {
            "hashes": [
                "sha256:236bdbdce46e6e6a3d61a337c0f8b763ca1e8717c03b369e87a7ec7ce1319c0a",
                "sha256:8f3cd2e254d8f793e7f3d6d9df77b92252b52637291d0f0da013c76ea2724b6c"
            ],
            "version": "==1.14.0"
        },
        "urllib3": {
            "hashes": [
                "sha256:3018294ebefce6572a474f0604c2021e33b3fd8006ecd11d62107a5d2a963527",
                "sha256:88206b0eb87e6d677d424843ac5209e3fb9d0190d0ee169599165ec25e9d9115"
            ],
            "version": "==1.25.9"
        }
    },
    "develop": {}
}
